
Microsoft Visual Studio Solution File, Format Version 12.00
# Visual Studio 15
VisualStudioVersion = 15.0.26730.16
MinimumVisualStudioVersion = 10.0.40219.1
Project("{FAE04EC0-301F-11D3-BF4B-00C04F79EFBC}") = "kriptolo", "kriptolo\kriptolo.csproj", "{C198EFE7-F5C9-4A96-9D2F-376B8B6B8B23}"
EndProject
Global
	GlobalSection(SolutionConfigurationPlatforms) = preSolution
		Debug|Any CPU = Debug|Any CPU
		Release|Any CPU = Release|Any CPU
	EndGlobalSection
	GlobalSection(ProjectConfigurationPlatforms) = postSolution
		{C198EFE7-F5C9-4A96-9D2F-376B8B6B8B23}.Debug|Any CPU.ActiveCfg = Debug|Any CPU
		{C198EFE7-F5C9-4A96-9D2F-376B8B6B8B23}.Debug|Any CPU.Build.0 = Debug|Any CPU
		{C198EFE7-F5C9-4A96-9D2F-376B8B6B8B23}.Release|Any CPU.ActiveCfg = Release|Any CPU
		{C198EFE7-F5C9-4A96-9D2F-376B8B6B8B23}.Release|Any CPU.Build.0 = Release|Any CPU
	EndGlobalSection
	GlobalSection(SolutionProperties) = preSolution
		HideSolutionNode = FALSE
	EndGlobalSection
	GlobalSection(ExtensibilityGlobals) = postSolution
		SolutionGuid = {6737AB5E-ACCF-42C3-BAC4-F7DB46A6A254}
	EndGlobalSection
EndGlobal
